
Microsoft Visual Studio Solution File, Format Version 12.00
# Visual Studio Version 17
VisualStudioVersion = 17.14.36518.9 d17.14
MinimumVisualStudioVersion = 10.0.40219.1
Project("{FAE04EC0-301F-11D3-BF4B-00C04F79EFBC}") = "Greedy Algorithm", "Greedy Algorithm.csproj", "{C0AF83BF-A426-4374-9CDB-B54242F85AAA}"
EndProject
Project("{FAE04EC0-301F-11D3-BF4B-00C04F79EFBC}") = "GreedyLibrary", "..\GreedyLibrary\GreedyLibrary.csproj", "{88863EBF-5DEA-429A-A342-63252C890E05}"
EndProject
Global
	GlobalSection(SolutionConfigurationPlatforms) = preSolution
		Debug|Any CPU = Debug|Any CPU
		Release|Any CPU = Release|Any CPU
	EndGlobalSection
	GlobalSection(ProjectConfigurationPlatforms) = postSolution
		{C0AF83BF-A426-4374-9CDB-B54242F85AAA}.Debug|Any CPU.ActiveCfg = Debug|Any CPU
		{C0AF83BF-A426-4374-9CDB-B54242F85AAA}.Debug|Any CPU.Build.0 = Debug|Any CPU
		{C0AF83BF-A426-4374-9CDB-B54242F85AAA}.Release|Any CPU.ActiveCfg = Release|Any CPU
		{C0AF83BF-A426-4374-9CDB-B54242F85AAA}.Release|Any CPU.Build.0 = Release|Any CPU
		{88863EBF-5DEA-429A-A342-63252C890E05}.Debug|Any CPU.ActiveCfg = Debug|Any CPU
		{88863EBF-5DEA-429A-A342-63252C890E05}.Debug|Any CPU.Build.0 = Debug|Any CPU
		{88863EBF-5DEA-429A-A342-63252C890E05}.Release|Any CPU.ActiveCfg = Release|Any CPU
		{88863EBF-5DEA-429A-A342-63252C890E05}.Release|Any CPU.Build.0 = Release|Any CPU
	EndGlobalSection
	GlobalSection(SolutionProperties) = preSolution
		HideSolutionNode = FALSE
	EndGlobalSection
	GlobalSection(ExtensibilityGlobals) = postSolution
		SolutionGuid = {BA58F0CA-CD60-4DA0-A0C8-7DFB90BC5625}
	EndGlobalSection
EndGlobal
